<Solution>
  <Configurations>
    <Platform Name="Any CPU" />
    <Platform Name="x64" />
    <Platform Name="x86" />
  </Configurations>
  <Folder Name="/">
    <Project Path="SafariBooksDownloader.App/SafariBooksDownloader.App.csproj" />
    <Project Path="SafariBooksDownloader.Core/SafariBooksDownloader.Core.csproj" />
    <Project Path="SafariBooksDownloader.UnitTests/SafariBooksDownloader.UnitTests.csproj" />
  </Folder>
</Solution>
